
Microsoft Visual Studio Solution File, Format Version 12.00
# Visual Studio Version 17
VisualStudioVersion = 17.4.33205.214
MinimumVisualStudioVersion = 10.0.40219.1
Project("{FAE04EC0-301F-11D3-BF4B-00C04F79EFBC}") = "MongoDBLabb", "MongoDBLabb.csproj", "{FC9D6FBE-0719-46C7-AF47-572A9302D5B1}"
EndProject
Global
	GlobalSection(SolutionConfigurationPlatforms) = preSolution
		Debug|Any CPU = Debug|Any CPU
		Release|Any CPU = Release|Any CPU
	EndGlobalSection
	GlobalSection(ProjectConfigurationPlatforms) = postSolution
		{FC9D6FBE-0719-46C7-AF47-572A9302D5B1}.Debug|Any CPU.ActiveCfg = Debug|Any CPU
		{FC9D6FBE-0719-46C7-AF47-572A9302D5B1}.Debug|Any CPU.Build.0 = Debug|Any CPU
		{FC9D6FBE-0719-46C7-AF47-572A9302D5B1}.Release|Any CPU.ActiveCfg = Release|Any CPU
		{FC9D6FBE-0719-46C7-AF47-572A9302D5B1}.Release|Any CPU.Build.0 = Release|Any CPU
	EndGlobalSection
	GlobalSection(SolutionProperties) = preSolution
		HideSolutionNode = FALSE
	EndGlobalSection
	GlobalSection(ExtensibilityGlobals) = postSolution
		SolutionGuid = {5CEB02B7-814E-418C-90FF-1F8EE7104F2D}
	EndGlobalSection
EndGlobal
